
Microsoft Visual Studio Solution File, Format Version 12.00
# Visual Studio Version 17
VisualStudioVersion = 17.7.34302.85
MinimumVisualStudioVersion = 10.0.40219.1
Project("{8BC9CEB8-8B4A-11D0-8D11-00A0C91BC942}") = "Lab0f-ticTacToe", "Lab0f-ticTacToe\Lab0f-ticTacToe.vcxproj", "{9269AEB3-2960-4163-B542-201318225DFC}"
EndProject
Global
	GlobalSection(SolutionConfigurationPlatforms) = preSolution
		Debug|x64 = Debug|x64
		Debug|x86 = Debug|x86
		Release|x64 = Release|x64
		Release|x86 = Release|x86
	EndGlobalSection
	GlobalSection(ProjectConfigurationPlatforms) = postSolution
		{9269AEB3-2960-4163-B542-201318225DFC}.Debug|x64.ActiveCfg = Debug|x64
		{9269AEB3-2960-4163-B542-201318225DFC}.Debug|x64.Build.0 = Debug|x64
		{9269AEB3-2960-4163-B542-201318225DFC}.Debug|x86.ActiveCfg = Debug|Win32
		{9269AEB3-2960-4163-B542-201318225DFC}.Debug|x86.Build.0 = Debug|Win32
		{9269AEB3-2960-4163-B542-201318225DFC}.Release|x64.ActiveCfg = Release|x64
		{9269AEB3-2960-4163-B542-201318225DFC}.Release|x64.Build.0 = Release|x64
		{9269AEB3-2960-4163-B542-201318225DFC}.Release|x86.ActiveCfg = Release|Win32
		{9269AEB3-2960-4163-B542-201318225DFC}.Release|x86.Build.0 = Release|Win32
	EndGlobalSection
	GlobalSection(SolutionProperties) = preSolution
		HideSolutionNode = FALSE
	EndGlobalSection
	GlobalSection(ExtensibilityGlobals) = postSolution
		SolutionGuid = {42A1D636-BB23-4C2D-AF90-75010154602D}
	EndGlobalSection
EndGlobal
